
Microsoft Visual Studio Solution File, Format Version 11.00
# Visual Studio 2010
Project("{FAE04EC0-301F-11D3-BF4B-00C04F79EFBC}") = "CommentStripper", "CommentStripper\CommentStripper.csproj", "{72C89BC8-0802-4363-9C62-351441CF4300}"
EndProject
Global
	GlobalSection(SolutionConfigurationPlatforms) = preSolution
		Debug|Any CPU = Debug|Any CPU
		Release|Any CPU = Release|Any CPU
	EndGlobalSection
	GlobalSection(ProjectConfigurationPlatforms) = postSolution
		{72C89BC8-0802-4363-9C62-351441CF4300}.Debug|Any CPU.ActiveCfg = Debug|Any CPU
		{72C89BC8-0802-4363-9C62-351441CF4300}.Debug|Any CPU.Build.0 = Debug|Any CPU
		{72C89BC8-0802-4363-9C62-351441CF4300}.Release|Any CPU.ActiveCfg = Release|Any CPU
		{72C89BC8-0802-4363-9C62-351441CF4300}.Release|Any CPU.Build.0 = Release|Any CPU
	EndGlobalSection
	GlobalSection(SolutionProperties) = preSolution
		HideSolutionNode = FALSE
	EndGlobalSection
EndGlobal
