
Microsoft Visual Studio Solution File, Format Version 12.00
# Visual Studio 15
VisualStudioVersion = 15.0.28307.136
MinimumVisualStudioVersion = 10.0.40219.1
Project("{2150E333-8FDC-42A3-9474-1A3956D46DE8}") = "src", "src", "{FB9648A5-6B90-4008-90DC-BB5B0E24FC50}"
EndProject
Project("{9A19103F-16F7-4668-BE54-9A1E7A4F7556}") = "CommentStripper", "src\CommentStripper\CommentStripper.csproj", "{373434E3-922D-41BC-B8BA-4E15433C0526}"
EndProject
Project("{2150E333-8FDC-42A3-9474-1A3956D46DE8}") = "example", "example", "{1DE97ABC-0B1D-4F0B-A47F-1F699EDC5930}"
EndProject
Project("{9A19103F-16F7-4668-BE54-9A1E7A4F7556}") = "NetCoreApp", "example\NetCoreApp\NetCoreApp.csproj", "{E39E5C91-E3FE-4053-94D8-1AD5EB7FC86D}"
EndProject
Project("{2150E333-8FDC-42A3-9474-1A3956D46DE8}") = "Solution Items", "Solution Items", "{C34A15C8-F534-4C48-8BE2-678705103A06}"
	ProjectSection(SolutionItems) = preProject
		NuGet.Config = NuGet.Config
	EndProjectSection
EndProject
Project("{FAE04EC0-301F-11D3-BF4B-00C04F79EFBC}") = "FrameworkApplication", "example\FrameworkApplication\FrameworkApplication.csproj", "{583C58D3-EC4A-4E7B-9387-CD2738F4D3B7}"
EndProject
Global
	GlobalSection(SolutionConfigurationPlatforms) = preSolution
		Debug|Any CPU = Debug|Any CPU
		Release|Any CPU = Release|Any CPU
	EndGlobalSection
	GlobalSection(ProjectConfigurationPlatforms) = postSolution
		{373434E3-922D-41BC-B8BA-4E15433C0526}.Debug|Any CPU.ActiveCfg = Debug|Any CPU
		{373434E3-922D-41BC-B8BA-4E15433C0526}.Debug|Any CPU.Build.0 = Debug|Any CPU
		{373434E3-922D-41BC-B8BA-4E15433C0526}.Release|Any CPU.ActiveCfg = Release|Any CPU
		{373434E3-922D-41BC-B8BA-4E15433C0526}.Release|Any CPU.Build.0 = Release|Any CPU
		{E39E5C91-E3FE-4053-94D8-1AD5EB7FC86D}.Debug|Any CPU.ActiveCfg = Debug|Any CPU
		{E39E5C91-E3FE-4053-94D8-1AD5EB7FC86D}.Debug|Any CPU.Build.0 = Debug|Any CPU
		{E39E5C91-E3FE-4053-94D8-1AD5EB7FC86D}.Release|Any CPU.ActiveCfg = Release|Any CPU
		{E39E5C91-E3FE-4053-94D8-1AD5EB7FC86D}.Release|Any CPU.Build.0 = Release|Any CPU
		{583C58D3-EC4A-4E7B-9387-CD2738F4D3B7}.Debug|Any CPU.ActiveCfg = Debug|Any CPU
		{583C58D3-EC4A-4E7B-9387-CD2738F4D3B7}.Debug|Any CPU.Build.0 = Debug|Any CPU
		{583C58D3-EC4A-4E7B-9387-CD2738F4D3B7}.Release|Any CPU.ActiveCfg = Release|Any CPU
		{583C58D3-EC4A-4E7B-9387-CD2738F4D3B7}.Release|Any CPU.Build.0 = Release|Any CPU
	EndGlobalSection
	GlobalSection(SolutionProperties) = preSolution
		HideSolutionNode = FALSE
	EndGlobalSection
	GlobalSection(NestedProjects) = preSolution
		{373434E3-922D-41BC-B8BA-4E15433C0526} = {FB9648A5-6B90-4008-90DC-BB5B0E24FC50}
		{E39E5C91-E3FE-4053-94D8-1AD5EB7FC86D} = {1DE97ABC-0B1D-4F0B-A47F-1F699EDC5930}
		{583C58D3-EC4A-4E7B-9387-CD2738F4D3B7} = {1DE97ABC-0B1D-4F0B-A47F-1F699EDC5930}
	EndGlobalSection
	GlobalSection(ExtensibilityGlobals) = postSolution
		SolutionGuid = {FFF2A457-0BBE-4D9F-8CC5-36847B951709}
	EndGlobalSection
EndGlobal
