
Microsoft Visual Studio Solution File, Format Version 12.00
# Visual Studio 15
VisualStudioVersion = 15.0.28307.271
MinimumVisualStudioVersion = 10.0.40219.1
Project("{2150E333-8FDC-42A3-9474-1A3956D46DE8}") = "src", "src", "{E8224DE1-175F-4D32-8EAD-0E4F4EEDF3E1}"
EndProject
Project("{9A19103F-16F7-4668-BE54-9A1E7A4F7556}") = "FrameworkApplication", "src\FrameworkApplication\FrameworkApplication.csproj", "{491D68AA-8E25-4357-A390-1E9AFF6C79D9}"
EndProject
Project("{9A19103F-16F7-4668-BE54-9A1E7A4F7556}") = "NetCoreApp", "src\NetCoreApp\NetCoreApp.csproj", "{3257F9F3-3DF2-47EA-A717-AEAD55587524}"
EndProject
Project("{2150E333-8FDC-42A3-9474-1A3956D46DE8}") = "Solution Items", "Solution Items", "{7897B445-91DB-49B1-9E5A-26FC97731AAF}"
	ProjectSection(SolutionItems) = preProject
		NuGet.Config = NuGet.Config
	EndProjectSection
EndProject
Global
	GlobalSection(SolutionConfigurationPlatforms) = preSolution
		Debug|Any CPU = Debug|Any CPU
		Release|Any CPU = Release|Any CPU
	EndGlobalSection
	GlobalSection(ProjectConfigurationPlatforms) = postSolution
		{491D68AA-8E25-4357-A390-1E9AFF6C79D9}.Debug|Any CPU.ActiveCfg = Debug|Any CPU
		{491D68AA-8E25-4357-A390-1E9AFF6C79D9}.Debug|Any CPU.Build.0 = Debug|Any CPU
		{491D68AA-8E25-4357-A390-1E9AFF6C79D9}.Release|Any CPU.ActiveCfg = Release|Any CPU
		{491D68AA-8E25-4357-A390-1E9AFF6C79D9}.Release|Any CPU.Build.0 = Release|Any CPU
		{3257F9F3-3DF2-47EA-A717-AEAD55587524}.Debug|Any CPU.ActiveCfg = Debug|Any CPU
		{3257F9F3-3DF2-47EA-A717-AEAD55587524}.Debug|Any CPU.Build.0 = Debug|Any CPU
		{3257F9F3-3DF2-47EA-A717-AEAD55587524}.Release|Any CPU.ActiveCfg = Release|Any CPU
		{3257F9F3-3DF2-47EA-A717-AEAD55587524}.Release|Any CPU.Build.0 = Release|Any CPU
	EndGlobalSection
	GlobalSection(SolutionProperties) = preSolution
		HideSolutionNode = FALSE
	EndGlobalSection
	GlobalSection(NestedProjects) = preSolution
		{491D68AA-8E25-4357-A390-1E9AFF6C79D9} = {E8224DE1-175F-4D32-8EAD-0E4F4EEDF3E1}
		{3257F9F3-3DF2-47EA-A717-AEAD55587524} = {E8224DE1-175F-4D32-8EAD-0E4F4EEDF3E1}
	EndGlobalSection
	GlobalSection(ExtensibilityGlobals) = postSolution
		SolutionGuid = {FD977DE7-FB79-4CC1-B0C3-C53827448DDE}
	EndGlobalSection
EndGlobal
